schema_version: "1"
model_id: realbasicvsr
enabled: false
upstream_url: "https://github.com/ckkelvinchan/RealBasicVSR"
commit: null
code_archive_sha256: null
license_id: null
weight_sha256: null
reason: "Disabled pending license, SafeTensors conversion parity, bounded-window equivalence, and full Kaggle acceptance."
